
Microsoft Visual Studio Solution File, Format Version 12.00
# Visual Studio Version 16
VisualStudioVersion = 16.0.30406.217
MinimumVisualStudioVersion = 10.0.40219.1
Project("{9A19103F-16F7-4668-BE54-9A1E7A4F7556}") = "Basics", "Basics\Basics.csproj", "{764A5AA0-9126-476C-9F51-FA3B33F59EA6}"
EndProject
Project("{9A19103F-16F7-4668-BE54-9A1E7A4F7556}") = "IdentityExample", "IdentityExample\IdentityExample.csproj", "{99093F3F-9F89-4DF0-B4F0-C12624645443}"
EndProject
Project("{2150E333-8FDC-42A3-9474-1A3956D46DE8}") = "1. Basic", "1. Basic", "{DDACABBA-4885-4A27-BD2C-BC9C6862545B}"
EndProject
Project("{2150E333-8FDC-42A3-9474-1A3956D46DE8}") = "2. OAuth", "2. OAuth", "{576A29D0-0082-4877-8C0B-22FE2DDAD221}"
EndProject
Project("{9A19103F-16F7-4668-BE54-9A1E7A4F7556}") = "Server", "Server\Server.csproj", "{A8F26070-7B8A-4B0E-A97E-F44E8E20B735}"
EndProject
Project("{9A19103F-16F7-4668-BE54-9A1E7A4F7556}") = "Client", "Client\Client.csproj", "{5F34BC5B-A1BA-4753-A77D-9B6FC2F68AA6}"
EndProject
Project("{9A19103F-16F7-4668-BE54-9A1E7A4F7556}") = "Api", "Api\Api.csproj", "{D5DA05FD-C2F2-4321-8206-FCEF0F2EA743}"
EndProject
Project("{2150E333-8FDC-42A3-9474-1A3956D46DE8}") = "3. IdentityServer4", "3. IdentityServer4", "{921DA6C0-3435-4A84-93FF-175F7018FF53}"
EndProject
Project("{9A19103F-16F7-4668-BE54-9A1E7A4F7556}") = "IdentityServer", "IdentityServer\IdentityServer.csproj", "{3549E0D0-B700-4FD5-8C5A-B8F13ED8C3AE}"
EndProject
Project("{9A19103F-16F7-4668-BE54-9A1E7A4F7556}") = "ApiOne", "ApiOne\ApiOne.csproj", "{468A17CF-23B4-42C9-A517-98043C31A059}"
EndProject
Project("{9A19103F-16F7-4668-BE54-9A1E7A4F7556}") = "ApiTwo", "ApiTwo\ApiTwo.csproj", "{D61D906A-8AC4-4C8D-847E-B017BDD94859}"
EndProject
Project("{9A19103F-16F7-4668-BE54-9A1E7A4F7556}") = "MvcClient", "MvcClient\MvcClient.csproj", "{1FB8A1FE-2594-418F-8851-20012CE5810D}"
EndProject
Global
	GlobalSection(SolutionConfigurationPlatforms) = preSolution
		Debug|Any CPU = Debug|Any CPU
		Release|Any CPU = Release|Any CPU
	EndGlobalSection
	GlobalSection(ProjectConfigurationPlatforms) = postSolution
		{764A5AA0-9126-476C-9F51-FA3B33F59EA6}.Debug|Any CPU.ActiveCfg = Debug|Any CPU
		{764A5AA0-9126-476C-9F51-FA3B33F59EA6}.Debug|Any CPU.Build.0 = Debug|Any CPU
		{764A5AA0-9126-476C-9F51-FA3B33F59EA6}.Release|Any CPU.ActiveCfg = Release|Any CPU
		{764A5AA0-9126-476C-9F51-FA3B33F59EA6}.Release|Any CPU.Build.0 = Release|Any CPU
		{99093F3F-9F89-4DF0-B4F0-C12624645443}.Debug|Any CPU.ActiveCfg = Debug|Any CPU
		{99093F3F-9F89-4DF0-B4F0-C12624645443}.Debug|Any CPU.Build.0 = Debug|Any CPU
		{99093F3F-9F89-4DF0-B4F0-C12624645443}.Release|Any CPU.ActiveCfg = Release|Any CPU
		{99093F3F-9F89-4DF0-B4F0-C12624645443}.Release|Any CPU.Build.0 = Release|Any CPU
		{A8F26070-7B8A-4B0E-A97E-F44E8E20B735}.Debug|Any CPU.ActiveCfg = Debug|Any CPU
		{A8F26070-7B8A-4B0E-A97E-F44E8E20B735}.Debug|Any CPU.Build.0 = Debug|Any CPU
		{A8F26070-7B8A-4B0E-A97E-F44E8E20B735}.Release|Any CPU.ActiveCfg = Release|Any CPU
		{A8F26070-7B8A-4B0E-A97E-F44E8E20B735}.Release|Any CPU.Build.0 = Release|Any CPU
		{5F34BC5B-A1BA-4753-A77D-9B6FC2F68AA6}.Debug|Any CPU.ActiveCfg = Debug|Any CPU
		{5F34BC5B-A1BA-4753-A77D-9B6FC2F68AA6}.Debug|Any CPU.Build.0 = Debug|Any CPU
		{5F34BC5B-A1BA-4753-A77D-9B6FC2F68AA6}.Release|Any CPU.ActiveCfg = Release|Any CPU
		{5F34BC5B-A1BA-4753-A77D-9B6FC2F68AA6}.Release|Any CPU.Build.0 = Release|Any CPU
		{D5DA05FD-C2F2-4321-8206-FCEF0F2EA743}.Debug|Any CPU.ActiveCfg = Debug|Any CPU
		{D5DA05FD-C2F2-4321-8206-FCEF0F2EA743}.Debug|Any CPU.Build.0 = Debug|Any CPU
		{D5DA05FD-C2F2-4321-8206-FCEF0F2EA743}.Release|Any CPU.ActiveCfg = Release|Any CPU
		{D5DA05FD-C2F2-4321-8206-FCEF0F2EA743}.Release|Any CPU.Build.0 = Release|Any CPU
		{3549E0D0-B700-4FD5-8C5A-B8F13ED8C3AE}.Debug|Any CPU.ActiveCfg = Debug|Any CPU
		{3549E0D0-B700-4FD5-8C5A-B8F13ED8C3AE}.Debug|Any CPU.Build.0 = Debug|Any CPU
		{3549E0D0-B700-4FD5-8C5A-B8F13ED8C3AE}.Release|Any CPU.ActiveCfg = Release|Any CPU
		{3549E0D0-B700-4FD5-8C5A-B8F13ED8C3AE}.Release|Any CPU.Build.0 = Release|Any CPU
		{468A17CF-23B4-42C9-A517-98043C31A059}.Debug|Any CPU.ActiveCfg = Debug|Any CPU
		{468A17CF-23B4-42C9-A517-98043C31A059}.Debug|Any CPU.Build.0 = Debug|Any CPU
		{468A17CF-23B4-42C9-A517-98043C31A059}.Release|Any CPU.ActiveCfg = Release|Any CPU
		{468A17CF-23B4-42C9-A517-98043C31A059}.Release|Any CPU.Build.0 = Release|Any CPU
		{D61D906A-8AC4-4C8D-847E-B017BDD94859}.Debug|Any CPU.ActiveCfg = Debug|Any CPU
		{D61D906A-8AC4-4C8D-847E-B017BDD94859}.Debug|Any CPU.Build.0 = Debug|Any CPU
		{D61D906A-8AC4-4C8D-847E-B017BDD94859}.Release|Any CPU.ActiveCfg = Release|Any CPU
		{D61D906A-8AC4-4C8D-847E-B017BDD94859}.Release|Any CPU.Build.0 = Release|Any CPU
		{1FB8A1FE-2594-418F-8851-20012CE5810D}.Debug|Any CPU.ActiveCfg = Debug|Any CPU
		{1FB8A1FE-2594-418F-8851-20012CE5810D}.Debug|Any CPU.Build.0 = Debug|Any CPU
		{1FB8A1FE-2594-418F-8851-20012CE5810D}.Release|Any CPU.ActiveCfg = Release|Any CPU
		{1FB8A1FE-2594-418F-8851-20012CE5810D}.Release|Any CPU.Build.0 = Release|Any CPU
	EndGlobalSection
	GlobalSection(SolutionProperties) = preSolution
		HideSolutionNode = FALSE
	EndGlobalSection
	GlobalSection(NestedProjects) = preSolution
		{764A5AA0-9126-476C-9F51-FA3B33F59EA6} = {DDACABBA-4885-4A27-BD2C-BC9C6862545B}
		{99093F3F-9F89-4DF0-B4F0-C12624645443} = {DDACABBA-4885-4A27-BD2C-BC9C6862545B}
		{A8F26070-7B8A-4B0E-A97E-F44E8E20B735} = {576A29D0-0082-4877-8C0B-22FE2DDAD221}
		{5F34BC5B-A1BA-4753-A77D-9B6FC2F68AA6} = {576A29D0-0082-4877-8C0B-22FE2DDAD221}
		{D5DA05FD-C2F2-4321-8206-FCEF0F2EA743} = {576A29D0-0082-4877-8C0B-22FE2DDAD221}
		{3549E0D0-B700-4FD5-8C5A-B8F13ED8C3AE} = {921DA6C0-3435-4A84-93FF-175F7018FF53}
		{468A17CF-23B4-42C9-A517-98043C31A059} = {921DA6C0-3435-4A84-93FF-175F7018FF53}
		{D61D906A-8AC4-4C8D-847E-B017BDD94859} = {921DA6C0-3435-4A84-93FF-175F7018FF53}
		{1FB8A1FE-2594-418F-8851-20012CE5810D} = {921DA6C0-3435-4A84-93FF-175F7018FF53}
	EndGlobalSection
	GlobalSection(ExtensibilityGlobals) = postSolution
		SolutionGuid = {47753DFE-8AA4-4371-9F40-0B78C3AC7D50}
	EndGlobalSection
EndGlobal
